
Microsoft Visual Studio Solution File, Format Version 12.00
# Visual Studio Version 17
VisualStudioVersion = 17.0.32014.148
MinimumVisualStudioVersion = 10.0.40219.1
Project("{FAE04EC0-301F-11D3-BF4B-00C04F79EFBC}") = "TTRShardTracker", "TTRShardTracker\TTRShardTracker.csproj", "{9FCEDB23-3AAB-453B-86B2-91468B21285E}"
EndProject
Global
	GlobalSection(SolutionConfigurationPlatforms) = preSolution
		Debug|Any CPU = Debug|Any CPU
		Release|Any CPU = Release|Any CPU
	EndGlobalSection
	GlobalSection(ProjectConfigurationPlatforms) = postSolution
		{9FCEDB23-3AAB-453B-86B2-91468B21285E}.Debug|Any CPU.ActiveCfg = Debug|Any CPU
		{9FCEDB23-3AAB-453B-86B2-91468B21285E}.Debug|Any CPU.Build.0 = Debug|Any CPU
		{9FCEDB23-3AAB-453B-86B2-91468B21285E}.Release|Any CPU.ActiveCfg = Release|Any CPU
		{9FCEDB23-3AAB-453B-86B2-91468B21285E}.Release|Any CPU.Build.0 = Release|Any CPU
	EndGlobalSection
	GlobalSection(SolutionProperties) = preSolution
		HideSolutionNode = FALSE
	EndGlobalSection
	GlobalSection(ExtensibilityGlobals) = postSolution
		SolutionGuid = {5E829CF1-D3A8-48A5-876D-263F109EC106}
	EndGlobalSection
EndGlobal
